
Microsoft Visual Studio Solution File, Format Version 12.00
# Visual Studio Version 17
VisualStudioVersion = 17.9.34701.34
MinimumVisualStudioVersion = 10.0.40219.1
Project("{8BC9CEB8-8B4A-11D0-8D11-00A0C91BC942}") = "fdf", "fdf.vcxproj", "{04488990-9D23-4790-9256-61137B5754FC}"
EndProject
Global
	GlobalSection(SolutionConfigurationPlatforms) = preSolution
		Debug|x64 = Debug|x64
		Debug|x86 = Debug|x86
		Release|x64 = Release|x64
		Release|x86 = Release|x86
	EndGlobalSection
	GlobalSection(ProjectConfigurationPlatforms) = postSolution
		{04488990-9D23-4790-9256-61137B5754FC}.Debug|x64.ActiveCfg = Debug|x64
		{04488990-9D23-4790-9256-61137B5754FC}.Debug|x64.Build.0 = Debug|x64
		{04488990-9D23-4790-9256-61137B5754FC}.Debug|x86.ActiveCfg = Debug|Win32
		{04488990-9D23-4790-9256-61137B5754FC}.Debug|x86.Build.0 = Debug|Win32
		{04488990-9D23-4790-9256-61137B5754FC}.Release|x64.ActiveCfg = Release|x64
		{04488990-9D23-4790-9256-61137B5754FC}.Release|x64.Build.0 = Release|x64
		{04488990-9D23-4790-9256-61137B5754FC}.Release|x86.ActiveCfg = Release|Win32
		{04488990-9D23-4790-9256-61137B5754FC}.Release|x86.Build.0 = Release|Win32
	EndGlobalSection
	GlobalSection(SolutionProperties) = preSolution
		HideSolutionNode = FALSE
	EndGlobalSection
	GlobalSection(ExtensibilityGlobals) = postSolution
		SolutionGuid = {634EE5DF-AE16-486E-BFEE-ED35E75EBA42}
	EndGlobalSection
EndGlobal
